// !$*UTF8*$!
{
	archiveVersion = 1;
	classes = {
	};
	objectVersion = 50;
	objects = {

/* Begin PBXBuildFile section */
		39295CC5245D2FF800583FA4 /* AppDelegate.swift in Sources */ = {isa = PBXBuildFile; fileRef = 39295CC4245D2FF800583FA4 /* AppDelegate.swift */; };
		39295CC7245D2FF800583FA4 /* ViewController.swift in Sources */ = {isa = PBXBuildFile; fileRef = 39295CC6245D2FF800583FA4 /* ViewController.swift */; };
		39295CCA245D2FF800583FA4 /* Main.storyboard in Resources */ = {isa = PBXBuildFile; fileRef = 39295CC8245D2FF800583FA4 /* Main.storyboard */; };
		39295CCD245D2FF800583FA4 /* rater.xcdatamodeld in Sources */ = {isa = PBXBuildFile; fileRef = 39295CCB245D2FF800583FA4 /* rater.xcdatamodeld */; };
		39295CCF245D2FFA00583FA4 /* Assets.xcassets in Resources */ = {isa = PBXBuildFile; fileRef = 39295CCE245D2FFA00583FA4 /* Assets.xcassets */; };
		39295CD2245D2FFA00583FA4 /* LaunchScreen.storyboard in Resources */ = {isa = PBXBuildFile; fileRef = 39295CD0245D2FFA00583FA4 /* LaunchScreen.storyboard */; };
		39295CDE245D49ED00583FA4 /* ViewController1.swift in Sources */ = {isa = PBXBuildFile; fileRef = 39295CDD245D49ED00583FA4 /* ViewController1.swift */; };
		39295CE1245D9ED800583FA4 /* ratingTable.swift in Sources */ = {isa = PBXBuildFile; fileRef = 39295CDF245D9ED800583FA4 /* ratingTable.swift */; };
/* End PBXBuildFile section */

/* Begin PBXFileReference section */
		39295CC1245D2FF800583FA4 /* rater.app */ = {isa = PBXFileReference; explicitFileType = wrapper.application; includeInIndex = 0; path = rater.app; sourceTree = BUILT_PRODUCTS_DIR; };
		39295CC4245D2FF800583FA4 /* AppDelegate.swift */ = {isa = PBXFileReference; lastKnownFileType = sourcecode.swift; path = AppDelegate.swift; sourceTree = "<group>"; };
		39295CC6245D2FF800583FA4 /* ViewController.swift */ = {isa = PBXFileReference; lastKnownFileType = sourcecode.swift; path = ViewController.swift; sourceTree = "<group>"; };
		39295CC9245D2FF800583FA4 /* Base */ = {isa = PBXFileReference; lastKnownFileType = file.storyboard; name = Base; path = Base.lproj/Main.storyboard; sourceTree = "<group>"; };
		39295CCC245D2FF800583FA4 /* rater.xcdatamodel */ = {isa = PBXFileReference; lastKnownFileType = wrapper.xcdatamodel; path = rater.xcdatamodel; sourceTree = "<group>"; };
		39295CCE245D2FFA00583FA4 /* Assets.xcassets */ = {isa = PBXFileReference; lastKnownFileType = folder.assetcatalog; path = Assets.xcassets; sourceTree = "<group>"; };
		39295CD1245D2FFA00583FA4 /* Base */ = {isa = PBXFileReference; lastKnownFileType = file.storyboard; name = Base; path = Base.lproj/LaunchScreen.storyboard; sourceTree = "<group>"; };
		39295CD3245D2FFA00583FA4 /* Info.plist */ = {isa = PBXFileReference; lastKnownFileType = text.plist.xml; path = Info.plist; sourceTree = "<group>"; };
		39295CDD245D49ED00583FA4 /* ViewController1.swift */ = {isa = PBXFileReference; lastKnownFileType = sourcecode.swift; path = ViewController1.swift; sourceTree = "<group>"; };
		39295CDF245D9ED800583FA4 /* ratingTable.swift */ = {isa = PBXFileReference; lastKnownFileType = sourcecode.swift; path = ratingTable.swift; sourceTree = "<group>"; };
		39295CE3245E7A6C00583FA4 /* README.md */ = {isa = PBXFileReference; lastKnownFileType = net.daringfireball.markdown; path = README.md; sourceTree = "<group>"; };
/* End PBXFileReference section */

/* Begin PBXFrameworksBuildPhase section */
		39295CBE245D2FF700583FA4 /* Frameworks */ = {
			isa = PBXFrameworksBuildPhase;
			buildActionMask = 2147483647;
			files = (
			);
			runOnlyForDeploymentPostprocessing = 0;
		};
/* End PBXFrameworksBuildPhase section */

/* Begin PBXGroup section */
		39295CB8245D2FF700583FA4 = {
			isa = PBXGroup;
			children = (
				39295CE3245E7A6C00583FA4 /* README.md */,
				39295CC3245D2FF800583FA4 /* rater */,
				39295CC2245D2FF800583FA4 /* Products */,
			);
			sourceTree = "<group>";
		};
		39295CC2245D2FF800583FA4 /* Products */ = {
			isa = PBXGroup;
			children = (
				39295CC1245D2FF800583FA4 /* rater.app */,
			);
			name = Products;
			sourceTree = "<group>";
		};
		39295CC3245D2FF800583FA4 /* rater */ = {
			isa = PBXGroup;
			children = (
				39295CC4245D2FF800583FA4 /* AppDelegate.swift */,
				39295CC6245D2FF800583FA4 /* ViewController.swift */,
				39295CDD245D49ED00583FA4 /* ViewController1.swift */,
				39295CC8245D2FF800583FA4 /* Main.storyboard */,
				39295CDF245D9ED800583FA4 /* ratingTable.swift */,
				39295CCE245D2FFA00583FA4 /* Assets.xcassets */,
				39295CD0245D2FFA00583FA4 /* LaunchScreen.storyboard */,
				39295CD3245D2FFA00583FA4 /* Info.plist */,
				39295CCB245D2FF800583FA4 /* rater.xcdatamodeld */,
			);
			path = rater;
			sourceTree = "<group>";
		};
/* End PBXGroup section */

/* Begin PBXNativeTarget section */
		39295CC0245D2FF700583FA4 /* rater */ = {
			isa = PBXNativeTarget;
			buildConfigurationList = 39295CD6245D2FFA00583FA4 /* Build configuration list for PBXNativeTarget "rater" */;
			buildPhases = (
				39295CBD245D2FF700583FA4 /* Sources */,
				39295CBE245D2FF700583FA4 /* Frameworks */,
				39295CBF245D2FF700583FA4 /* Resources */,
			);
			buildRules = (
			);
			dependencies = (
			);
			name = rater;
			productName = rater;
			productReference = 39295CC1245D2FF800583FA4 /* rater.app */;
			productType = "com.apple.product-type.application";
		};
/* End PBXNativeTarget section */

/* Begin PBXProject section */
		39295CB9245D2FF700583FA4 /* Project object */ = {
			isa = PBXProject;
			attributes = {
				LastSwiftUpdateCheck = 1010;
				LastUpgradeCheck = 1010;
				ORGANIZATIONNAME = anuraged51;
				TargetAttributes = {
					39295CC0245D2FF700583FA4 = {
						CreatedOnToolsVersion = 10.1;
					};
				};
			};
			buildConfigurationList = 39295CBC245D2FF700583FA4 /* Build configuration list for PBXProject "rater" */;
			compatibilityVersion = "Xcode 9.3";
			developmentRegion = en;
			hasScannedForEncodings = 0;
			knownRegions = (
				en,
				Base,
			);
			mainGroup = 39295CB8245D2FF700583FA4;
			productRefGroup = 39295CC2245D2FF800583FA4 /* Products */;
			projectDirPath = "";
			projectRoot = "";
			targets = (
				39295CC0245D2FF700583FA4 /* rater */,
			);
		};
/* End PBXProject section */

/* Begin PBXResourcesBuildPhase section */
		39295CBF245D2FF700583FA4 /* Resources */ = {
			isa = PBXResourcesBuildPhase;
			buildActionMask = 2147483647;
			files = (
				39295CD2245D2FFA00583FA4 /* LaunchScreen.storyboard in Resources */,
				39295CCF245D2FFA00583FA4 /* Assets.xcassets in Resources */,
				39295CCA245D2FF800583FA4 /* Main.storyboard in Resources */,
			);
			runOnlyForDeploymentPostprocessing = 0;
		};
/* End PBXResourcesBuildPhase section */

/* Begin PBXSourcesBuildPhase section */
		39295CBD245D2FF700583FA4 /* Sources */ = {
			isa = PBXSourcesBuildPhase;
			buildActionMask = 2147483647;
			files = (
				39295CDE245D49ED00583FA4 /* ViewController1.swift in Sources */,
				39295CC7245D2FF800583FA4 /* ViewController.swift in Sources */,
				39295CC5245D2FF800583FA4 /* AppDelegate.swift in Sources */,
				39295CE1245D9ED800583FA4 /* ratingTable.swift in Sources */,
				39295CCD245D2FF800583FA4 /* rater.xcdatamodeld in Sources */,
			);
			runOnlyForDeploymentPostprocessing = 0;
		};
/* End PBXSourcesBuildPhase section */

/* Begin PBXVariantGroup section */
		39295CC8245D2FF800583FA4 /* Main.storyboard */ = {
			isa = PBXVariantGroup;
			children = (
				39295CC9245D2FF800583FA4 /* Base */,
			);
			name = Main.storyboard;
			sourceTree = "<group>";
		};
		39295CD0245D2FFA00583FA4 /* LaunchScreen.storyboard */ = {
			isa = PBXVariantGroup;
			children = (
				39295CD1245D2FFA00583FA4 /* Base */,
			);
			name = LaunchScreen.storyboard;
			sourceTree = "<group>";
		};
/* End PBXVariantGroup section */

/* Begin XCBuildConfiguration section */
		39295CD4245D2FFA00583FA4 /* Debug */ = {
			isa = XCBuildConfiguration;
			buildSettings = {
				ALWAYS_SEARCH_USER_PATHS = NO;
				CLANG_ANALYZER_NONNULL = YES;
				CLANG_ANALYZER_NUMBER_OBJECT_CONVERSION = YES_AGGRESSIVE;
				CLANG_CXX_LANGUAGE_STANDARD = "gnu++14";
				CLANG_CXX_LIBRARY = "libc++";
				CLANG_ENABLE_MODULES = YES;
				CLANG_ENABLE_OBJC_ARC = YES;
				CLANG_ENABLE_OBJC_WEAK = YES;
				CLANG_WARN_BLOCK_CAPTURE_AUTORELEASING = YES;
				CLANG_WARN_BOOL_CONVERSION = YES;
				CLANG_WARN_COMMA = YES;
				CLANG_WARN_CONSTANT_CONVERSION = YES;
				CLANG_WARN_DEPRECATED_OBJC_IMPLEMENTATIONS = YES;
				CLANG_WARN_DIRECT_OBJC_ISA_USAGE = YES_ERROR;
				CLANG_WARN_DOCUMENTATION_COMMENTS = YES;
				CLANG_WARN_EMPTY_BODY = YES;
				CLANG_WARN_ENUM_CONVERSION = YES;
				CLANG_WARN_INFINITE_RECURSION = YES;
				CLANG_WARN_INT_CONVERSION = YES;
				CLANG_WARN_NON_LITERAL_NULL_CONVERSION = YES;
				CLANG_WARN_OBJC_IMPLICIT_RETAIN_SELF = YES;
				CLANG_WARN_OBJC_LITERAL_CONVERSION = YES;
				CLANG_WARN_OBJC_ROOT_CLASS = YES_ERROR;
				CLANG_WARN_RANGE_LOOP_ANALYSIS = YES;
				CLANG_WARN_STRICT_PROTOTYPES = YES;
				CLANG_WARN_SUSPICIOUS_MOVE = YES;
				CLANG_WARN_UNGUARDED_AVAILABILITY = YES_AGGRESSIVE;
				CLANG_WARN_UNREACHABLE_CODE = YES;
				CLANG_WARN__DUPLICATE_METHOD_MATCH = YES;
				CODE_SIGN_IDENTITY = "iPhone Developer";
				COPY_PHASE_STRIP = NO;
				DEBUG_INFORMATION_FORMAT = dwarf;
				ENABLE_STRICT_OBJC_MSGSEND = YES;
				ENABLE_TESTABILITY = YES;
				GCC_C_LANGUAGE_STANDARD = gnu11;
				GCC_DYNAMIC_NO_PIC = NO;
				GCC_NO_COMMON_BLOCKS = YES;
				GCC_OPTIMIZATION_LEVEL = 0;
				GCC_PREPROCESSOR_DEFINITIONS = (
					"DEBUG=1",
					"$(inherited)",
				);
				GCC_WARN_64_TO_32_BIT_CONVERSION = YES;
				GCC_WARN_ABOUT_RETURN_TYPE = YES_ERROR;
				GCC_WARN_UNDECLARED_SELECTOR = YES;
				GCC_WARN_UNINITIALIZED_AUTOS = YES_AGGRESSIVE;
				GCC_WARN_UNUSED_FUNCTION = YES;
				GCC_WARN_UNUSED_VARIABLE = YES;
				IPHONEOS_DEPLOYMENT_TARGET = 12.1;
				MTL_ENABLE_DEBUG_INFO = INCLUDE_SOURCE;
				MTL_FAST_MATH = YES;
				ONLY_ACTIVE_ARCH = YES;
				SDKROOT = iphoneos;
				SWIFT_ACTIVE_COMPILATION_CONDITIONS = DEBUG;
				SWIFT_OPTIMIZATION_LEVEL = "-Onone";
			};
			name = Debug;
		};
		39295CD5245D2FFA00583FA4 /* Release */ = {
			isa = XCBuildConfiguration;
			buildSettings = {
				ALWAYS_SEARCH_USER_PATHS = NO;
				CLANG_ANALYZER_NONNULL = YES;
				CLANG_ANALYZER_NUMBER_OBJECT_CONVERSION = YES_AGGRESSIVE;
				CLANG_CXX_LANGUAGE_STANDARD = "gnu++14";
				CLANG_CXX_LIBRARY = "libc++";
				CLANG_ENABLE_MODULES = YES;
				CLANG_ENABLE_OBJC_ARC = YES;
				CLANG_ENABLE_OBJC_WEAK = YES;
				CLANG_WARN_BLOCK_CAPTURE_AUTORELEASING = YES;
				CLANG_WARN_BOOL_CONVERSION = YES;
				CLANG_WARN_COMMA = YES;
				CLANG_WARN_CONSTANT_CONVERSION = YES;
				CLANG_WARN_DEPRECATED_OBJC_IMPLEMENTATIONS = YES;
				CLANG_WARN_DIRECT_OBJC_ISA_USAGE = YES_ERROR;
				CLANG_WARN_DOCUMENTATION_COMMENTS = YES;
				CLANG_WARN_EMPTY_BODY = YES;
				CLANG_WARN_ENUM_CONVERSION = YES;
				CLANG_WARN_INFINITE_RECURSION = YES;
				CLANG_WARN_INT_CONVERSION = YES;
				CLANG_WARN_NON_LITERAL_NULL_CONVERSION = YES;
				CLANG_WARN_OBJC_IMPLICIT_RETAIN_SELF = YES;
				CLANG_WARN_OBJC_LITERAL_CONVERSION = YES;
				CLANG_WARN_OBJC_ROOT_CLASS = YES_ERROR;
				CLANG_WARN_RANGE_LOOP_ANALYSIS = YES;
				CLANG_WARN_STRICT_PROTOTYPES = YES;
				CLANG_WARN_SUSPICIOUS_MOVE = YES;
				CLANG_WARN_UNGUARDED_AVAILABILITY = YES_AGGRESSIVE;
				CLANG_WARN_UNREACHABLE_CODE = YES;
				CLANG_WARN__DUPLICATE_METHOD_MATCH = YES;
				CODE_SIGN_IDENTITY = "iPhone Developer";
				COPY_PHASE_STRIP = NO;
				DEBUG_INFORMATION_FORMAT = "dwarf-with-dsym";
				ENABLE_NS_ASSERTIONS = NO;
				ENABLE_STRICT_OBJC_MSGSEND = YES;
				GCC_C_LANGUAGE_STANDARD = gnu11;
				GCC_NO_COMMON_BLOCKS = YES;
				GCC_WARN_64_TO_32_BIT_CONVERSION = YES;
				GCC_WARN_ABOUT_RETURN_TYPE = YES_ERROR;
				GCC_WARN_UNDECLARED_SELECTOR = YES;
				GCC_WARN_UNINITIALIZED_AUTOS = YES_AGGRESSIVE;
				GCC_WARN_UNUSED_FUNCTION = YES;
				GCC_WARN_UNUSED_VARIABLE = YES;
				IPHONEOS_DEPLOYMENT_TARGET = 12.1;
				MTL_ENABLE_DEBUG_INFO = NO;
				MTL_FAST_MATH = YES;
				SDKROOT = iphoneos;
				SWIFT_COMPILATION_MODE = wholemodule;
				SWIFT_OPTIMIZATION_LEVEL = "-O";
				VALIDATE_PRODUCT = YES;
			};
			name = Release;
		};
		39295CD7245D2FFA00583FA4 /* Debug */ = {
			isa = XCBuildConfiguration;
			buildSettings = {
				ASSETCATALOG_COMPILER_APPICON_NAME = AppIcon;
				CODE_SIGN_STYLE = Automatic;
				DEVELOPMENT_TEAM = AFTH8B955P;
				INFOPLIST_FILE = rater/Info.plist;
				LD_RUNPATH_SEARCH_PATHS = (
					"$(inherited)",
					"@executable_path/Frameworks",
				);
				PRODUCT_BUNDLE_IDENTIFIER = com.anuraged51a.rater;
				PRODUCT_NAME = "$(TARGET_NAME)";
				SWIFT_VERSION = 4.2;
				TARGETED_DEVICE_FAMILY = "1,2";
			};
			name = Debug;
		};
		39295CD8245D2FFA00583FA4 /* Release */ = {
			isa = XCBuildConfiguration;
			buildSettings = {
				ASSETCATALOG_COMPILER_APPICON_NAME = AppIcon;
				CODE_SIGN_STYLE = Automatic;
				DEVELOPMENT_TEAM = AFTH8B955P;
				INFOPLIST_FILE = rater/Info.plist;
				LD_RUNPATH_SEARCH_PATHS = (
					"$(inherited)",
					"@executable_path/Frameworks",
				);
				PRODUCT_BUNDLE_IDENTIFIER = com.anuraged51a.rater;
				PRODUCT_NAME = "$(TARGET_NAME)";
				SWIFT_VERSION = 4.2;
				TARGETED_DEVICE_FAMILY = "1,2";
			};
			name = Release;
		};
/* End XCBuildConfiguration section */

/* Begin XCConfigurationList section */
		39295CBC245D2FF700583FA4 /* Build configuration list for PBXProject "rater" */ = {
			isa = XCConfigurationList;
			buildConfigurations = (
				39295CD4245D2FFA00583FA4 /* Debug */,
				39295CD5245D2FFA00583FA4 /* Release */,
			);
			defaultConfigurationIsVisible = 0;
			defaultConfigurationName = Release;
		};
		39295CD6245D2FFA00583FA4 /* Build configuration list for PBXNativeTarget "rater" */ = {
			isa = XCConfigurationList;
			buildConfigurations = (
				39295CD7245D2FFA00583FA4 /* Debug */,
				39295CD8245D2FFA00583FA4 /* Release */,
			);
			defaultConfigurationIsVisible = 0;
			defaultConfigurationName = Release;
		};
/* End XCConfigurationList section */

/* Begin XCVersionGroup section */
		39295CCB245D2FF800583FA4 /* rater.xcdatamodeld */ = {
			isa = XCVersionGroup;
			children = (
				39295CCC245D2FF800583FA4 /* rater.xcdatamodel */,
			);
			currentVersion = 39295CCC245D2FF800583FA4 /* rater.xcdatamodel */;
			path = rater.xcdatamodeld;
			sourceTree = "<group>";
			versionGroupType = wrapper.xcdatamodel;
		};
/* End XCVersionGroup section */
	};
	rootObject = 39295CB9245D2FF700583FA4 /* Project object */;
}
